
Microsoft Visual Studio Solution File, Format Version 12.00
# Visual Studio Version 16
VisualStudioVersion = 16.0.29201.188
MinimumVisualStudioVersion = 10.0.40219.1
Project("{FAE04EC0-301F-11D3-BF4B-00C04F79EFBC}") = "ExperimentWithControls", "ExperimentWithControls\ExperimentWithControls.csproj", "{B17C42B2-7D72-42F2-9D87-D6E503C42461}"
EndProject
Global
	GlobalSection(SolutionConfigurationPlatforms) = preSolution
		Debug|Any CPU = Debug|Any CPU
		Release|Any CPU = Release|Any CPU
	EndGlobalSection
	GlobalSection(ProjectConfigurationPlatforms) = postSolution
		{B17C42B2-7D72-42F2-9D87-D6E503C42461}.Debug|Any CPU.ActiveCfg = Debug|Any CPU
		{B17C42B2-7D72-42F2-9D87-D6E503C42461}.Debug|Any CPU.Build.0 = Debug|Any CPU
		{B17C42B2-7D72-42F2-9D87-D6E503C42461}.Release|Any CPU.ActiveCfg = Release|Any CPU
		{B17C42B2-7D72-42F2-9D87-D6E503C42461}.Release|Any CPU.Build.0 = Release|Any CPU
	EndGlobalSection
	GlobalSection(SolutionProperties) = preSolution
		HideSolutionNode = FALSE
	EndGlobalSection
	GlobalSection(ExtensibilityGlobals) = postSolution
		SolutionGuid = {082738D0-DEA5-4A8F-B93C-46039D400A79}
	EndGlobalSection
EndGlobal
